
Microsoft Visual Studio Solution File, Format Version 12.00
# Visual Studio Version 16
VisualStudioVersion = 16.0.31424.327
MinimumVisualStudioVersion = 10.0.40219.1
Project("{FAE04EC0-301F-11D3-BF4B-00C04F79EFBC}") = "CBasics", "CBasics\CBasics.csproj", "{ADE0800B-44DC-4150-AAED-CF814A321BAD}"
EndProject
Global
	GlobalSection(SolutionConfigurationPlatforms) = preSolution
		Debug|Any CPU = Debug|Any CPU
		Release|Any CPU = Release|Any CPU
	EndGlobalSection
	GlobalSection(ProjectConfigurationPlatforms) = postSolution
		{ADE0800B-44DC-4150-AAED-CF814A321BAD}.Debug|Any CPU.ActiveCfg = Debug|Any CPU
		{ADE0800B-44DC-4150-AAED-CF814A321BAD}.Debug|Any CPU.Build.0 = Debug|Any CPU
		{ADE0800B-44DC-4150-AAED-CF814A321BAD}.Release|Any CPU.ActiveCfg = Release|Any CPU
		{ADE0800B-44DC-4150-AAED-CF814A321BAD}.Release|Any CPU.Build.0 = Release|Any CPU
	EndGlobalSection
	GlobalSection(SolutionProperties) = preSolution
		HideSolutionNode = FALSE
	EndGlobalSection
	GlobalSection(ExtensibilityGlobals) = postSolution
		SolutionGuid = {9F23A256-52EC-4F49-8635-ED028C7E6EF7}
	EndGlobalSection
EndGlobal
